
Microsoft Visual Studio Solution File, Format Version 12.00
# Visual Studio Version 17
VisualStudioVersion = 17.7.34202.233
MinimumVisualStudioVersion = 10.0.40219.1
Project("{8BC9CEB8-8B4A-11D0-8D11-00A0C91BC942}") = "AccountManagement", "AccountManagement\AccountManagement.vcxproj", "{1251F25F-50F4-498B-AEAC-83BF8D988CE8}"
EndProject
Global
	GlobalSection(SolutionConfigurationPlatforms) = preSolution
		Debug|x64 = Debug|x64
		Debug|x86 = Debug|x86
		Release|x64 = Release|x64
		Release|x86 = Release|x86
	EndGlobalSection
	GlobalSection(ProjectConfigurationPlatforms) = postSolution
		{1251F25F-50F4-498B-AEAC-83BF8D988CE8}.Debug|x64.ActiveCfg = Debug|x64
		{1251F25F-50F4-498B-AEAC-83BF8D988CE8}.Debug|x64.Build.0 = Debug|x64
		{1251F25F-50F4-498B-AEAC-83BF8D988CE8}.Debug|x86.ActiveCfg = Debug|Win32
		{1251F25F-50F4-498B-AEAC-83BF8D988CE8}.Debug|x86.Build.0 = Debug|Win32
		{1251F25F-50F4-498B-AEAC-83BF8D988CE8}.Release|x64.ActiveCfg = Release|x64
		{1251F25F-50F4-498B-AEAC-83BF8D988CE8}.Release|x64.Build.0 = Release|x64
		{1251F25F-50F4-498B-AEAC-83BF8D988CE8}.Release|x86.ActiveCfg = Release|Win32
		{1251F25F-50F4-498B-AEAC-83BF8D988CE8}.Release|x86.Build.0 = Release|Win32
	EndGlobalSection
	GlobalSection(SolutionProperties) = preSolution
		HideSolutionNode = FALSE
	EndGlobalSection
	GlobalSection(ExtensibilityGlobals) = postSolution
		SolutionGuid = {F5446F98-3DD7-4E43-A486-A31A00D3AC2C}
	EndGlobalSection
EndGlobal
